
Microsoft Visual Studio Solution File, Format Version 12.00
# Visual Studio Version 16
VisualStudioVersion = 16.0.33328.57
MinimumVisualStudioVersion = 10.0.40219.1
Project("{FAE04EC0-301F-11D3-BF4B-00C04F79EFBC}") = "Telegram.Bot.CMD", "Telegram.Bot.CMD\Telegram.Bot.CMD.csproj", "{B8A8DA4C-6ECD-4880-A27C-1B78840980A4}"
EndProject
Project("{FAE04EC0-301F-11D3-BF4B-00C04F79EFBC}") = "Bots.Config.lib", "Bots.Config.lib\Bots.Config.lib.csproj", "{F20626E6-0F4E-402E-8ABF-ABE79E032D64}"
EndProject
Project("{2150E333-8FDC-42A3-9474-1A3956D46DE8}") = "Solution Items", "Solution Items", "{542A7B59-3605-4B33-A575-8ED1B5A7F875}"
	ProjectSection(SolutionItems) = preProject
		.editorconfig = .editorconfig
	EndProjectSection
EndProject
Global
	GlobalSection(SolutionConfigurationPlatforms) = preSolution
		Debug|Any CPU = Debug|Any CPU
		Release|Any CPU = Release|Any CPU
	EndGlobalSection
	GlobalSection(ProjectConfigurationPlatforms) = postSolution
		{B8A8DA4C-6ECD-4880-A27C-1B78840980A4}.Debug|Any CPU.ActiveCfg = Debug|Any CPU
		{B8A8DA4C-6ECD-4880-A27C-1B78840980A4}.Debug|Any CPU.Build.0 = Debug|Any CPU
		{B8A8DA4C-6ECD-4880-A27C-1B78840980A4}.Release|Any CPU.ActiveCfg = Release|Any CPU
		{B8A8DA4C-6ECD-4880-A27C-1B78840980A4}.Release|Any CPU.Build.0 = Release|Any CPU
		{F20626E6-0F4E-402E-8ABF-ABE79E032D64}.Debug|Any CPU.ActiveCfg = Debug|Any CPU
		{F20626E6-0F4E-402E-8ABF-ABE79E032D64}.Debug|Any CPU.Build.0 = Debug|Any CPU
		{F20626E6-0F4E-402E-8ABF-ABE79E032D64}.Release|Any CPU.ActiveCfg = Release|Any CPU
		{F20626E6-0F4E-402E-8ABF-ABE79E032D64}.Release|Any CPU.Build.0 = Release|Any CPU
	EndGlobalSection
	GlobalSection(SolutionProperties) = preSolution
		HideSolutionNode = FALSE
	EndGlobalSection
	GlobalSection(ExtensibilityGlobals) = postSolution
		SolutionGuid = {47FA75D9-03BA-46ED-96CD-5DB0EDBE37E6}
	EndGlobalSection
EndGlobal
